
Microsoft Visual Studio Solution File, Format Version 12.00
# Visual Studio Version 17
VisualStudioVersion = 17.10.35122.118
MinimumVisualStudioVersion = 10.0.40219.1
Project("{FAE04EC0-301F-11D3-BF4B-00C04F79EFBC}") = "MISA.B20DCCN296.API", "MISA.B20DCCN296.API\MISA.B20DCCN296.API.csproj", "{03893BCD-1686-42F4-980C-6FF752D1F621}"
EndProject
Project("{FAE04EC0-301F-11D3-BF4B-00C04F79EFBC}") = "MISA.B20DCCN296.Core", "MISA.B20DCCN296.Core\MISA.B20DCCN296.Core.csproj", "{C8B4F70A-F837-4EA9-80F6-BD1786B3CACD}"
EndProject
Project("{FAE04EC0-301F-11D3-BF4B-00C04F79EFBC}") = "MISA.B20DCCN296.Infrastructure", "MISA.B20DCCN296.Infrastructure\MISA.B20DCCN296.Infrastructure.csproj", "{641A3CED-C4A7-47F3-B436-B1498EA53C83}"
EndProject
Global
	GlobalSection(SolutionConfigurationPlatforms) = preSolution
		Debug|Any CPU = Debug|Any CPU
		Release|Any CPU = Release|Any CPU
	EndGlobalSection
	GlobalSection(ProjectConfigurationPlatforms) = postSolution
		{03893BCD-1686-42F4-980C-6FF752D1F621}.Debug|Any CPU.ActiveCfg = Debug|Any CPU
		{03893BCD-1686-42F4-980C-6FF752D1F621}.Debug|Any CPU.Build.0 = Debug|Any CPU
		{03893BCD-1686-42F4-980C-6FF752D1F621}.Release|Any CPU.ActiveCfg = Release|Any CPU
		{03893BCD-1686-42F4-980C-6FF752D1F621}.Release|Any CPU.Build.0 = Release|Any CPU
		{C8B4F70A-F837-4EA9-80F6-BD1786B3CACD}.Debug|Any CPU.ActiveCfg = Debug|Any CPU
		{C8B4F70A-F837-4EA9-80F6-BD1786B3CACD}.Debug|Any CPU.Build.0 = Debug|Any CPU
		{C8B4F70A-F837-4EA9-80F6-BD1786B3CACD}.Release|Any CPU.ActiveCfg = Release|Any CPU
		{C8B4F70A-F837-4EA9-80F6-BD1786B3CACD}.Release|Any CPU.Build.0 = Release|Any CPU
		{641A3CED-C4A7-47F3-B436-B1498EA53C83}.Debug|Any CPU.ActiveCfg = Debug|Any CPU
		{641A3CED-C4A7-47F3-B436-B1498EA53C83}.Debug|Any CPU.Build.0 = Debug|Any CPU
		{641A3CED-C4A7-47F3-B436-B1498EA53C83}.Release|Any CPU.ActiveCfg = Release|Any CPU
		{641A3CED-C4A7-47F3-B436-B1498EA53C83}.Release|Any CPU.Build.0 = Release|Any CPU
	EndGlobalSection
	GlobalSection(SolutionProperties) = preSolution
		HideSolutionNode = FALSE
	EndGlobalSection
	GlobalSection(ExtensibilityGlobals) = postSolution
		SolutionGuid = {DBA0295F-01CA-4B44-84C1-5197947849BA}
	EndGlobalSection
EndGlobal
